
Microsoft Visual Studio Solution File, Format Version 12.00
# Visual Studio Version 17
VisualStudioVersion = 17.3.32901.215
MinimumVisualStudioVersion = 10.0.40219.1
Project("{9A19103F-16F7-4668-BE54-9A1E7A4F7556}") = "KnowYourWellPWA", "KnowYourWellPWA\KnowYourWellPWA.csproj", "{A5162594-74AF-4020-8780-49D86324C5BC}"
EndProject
Global
	GlobalSection(SolutionConfigurationPlatforms) = preSolution
		Debug|Any CPU = Debug|Any CPU
		Release|Any CPU = Release|Any CPU
	EndGlobalSection
	GlobalSection(ProjectConfigurationPlatforms) = postSolution
		{A5162594-74AF-4020-8780-49D86324C5BC}.Debug|Any CPU.ActiveCfg = Debug|Any CPU
		{A5162594-74AF-4020-8780-49D86324C5BC}.Debug|Any CPU.Build.0 = Debug|Any CPU
		{A5162594-74AF-4020-8780-49D86324C5BC}.Release|Any CPU.ActiveCfg = Release|Any CPU
		{A5162594-74AF-4020-8780-49D86324C5BC}.Release|Any CPU.Build.0 = Release|Any CPU
	EndGlobalSection
	GlobalSection(SolutionProperties) = preSolution
		HideSolutionNode = FALSE
	EndGlobalSection
	GlobalSection(ExtensibilityGlobals) = postSolution
		SolutionGuid = {747418D2-1E85-4206-BE64-4F9282D01958}
	EndGlobalSection
EndGlobal
