
Microsoft Visual Studio Solution File, Format Version 12.00
# Visual Studio Version 17
VisualStudioVersion = 17.0.32112.339
MinimumVisualStudioVersion = 10.0.40219.1
Project("{FAE04EC0-301F-11D3-BF4B-00C04F79EFBC}") = "knowYourWellPWA", "knowYourWellPWA\knowYourWellPWA.csproj", "{0BFF6B9A-9483-4963-B129-713DBABC95EA}"
EndProject
Global
	GlobalSection(SolutionConfigurationPlatforms) = preSolution
		Debug|Any CPU = Debug|Any CPU
		Release|Any CPU = Release|Any CPU
	EndGlobalSection
	GlobalSection(ProjectConfigurationPlatforms) = postSolution
		{0BFF6B9A-9483-4963-B129-713DBABC95EA}.Debug|Any CPU.ActiveCfg = Debug|Any CPU
		{0BFF6B9A-9483-4963-B129-713DBABC95EA}.Debug|Any CPU.Build.0 = Debug|Any CPU
		{0BFF6B9A-9483-4963-B129-713DBABC95EA}.Release|Any CPU.ActiveCfg = Release|Any CPU
		{0BFF6B9A-9483-4963-B129-713DBABC95EA}.Release|Any CPU.Build.0 = Release|Any CPU
	EndGlobalSection
	GlobalSection(SolutionProperties) = preSolution
		HideSolutionNode = FALSE
	EndGlobalSection
	GlobalSection(ExtensibilityGlobals) = postSolution
		SolutionGuid = {FB6A3FE7-D60D-4DDA-A83C-C42ABBFBD622}
	EndGlobalSection
EndGlobal
